
Microsoft Visual Studio Solution File, Format Version 12.00
# Visual Studio Version 16
VisualStudioVersion = 16.0.30114.105
MinimumVisualStudioVersion = 10.0.40219.1
Project("{FAE04EC0-301F-11D3-BF4B-00C04F79EFBC}") = "TravelRecordApp.Android", "TravelRecordApp\TravelRecordApp.Android\TravelRecordApp.Android.csproj", "{32CB3651-4EA4-4285-85C3-44F018385241}"
EndProject
Project("{FAE04EC0-301F-11D3-BF4B-00C04F79EFBC}") = "TravelRecordApp.iOS", "TravelRecordApp\TravelRecordApp.iOS\TravelRecordApp.iOS.csproj", "{B01EBFCF-E08F-43E5-B95C-E156816BAB28}"
EndProject
Project("{FAE04EC0-301F-11D3-BF4B-00C04F79EFBC}") = "TravelRecordApp", "TravelRecordApp\TravelRecordApp\TravelRecordApp.csproj", "{EF23F576-A82C-4225-8075-1DD09D347B39}"
EndProject
Global
	GlobalSection(SolutionConfigurationPlatforms) = preSolution
		Debug|Any CPU = Debug|Any CPU
		Debug|iPhone = Debug|iPhone
		Debug|iPhoneSimulator = Debug|iPhoneSimulator
		Release|Any CPU = Release|Any CPU
		Release|iPhone = Release|iPhone
		Release|iPhoneSimulator = Release|iPhoneSimulator
	EndGlobalSection
	GlobalSection(ProjectConfigurationPlatforms) = postSolution
		{32CB3651-4EA4-4285-85C3-44F018385241}.Debug|Any CPU.ActiveCfg = Debug|Any CPU
		{32CB3651-4EA4-4285-85C3-44F018385241}.Debug|Any CPU.Build.0 = Debug|Any CPU
		{32CB3651-4EA4-4285-85C3-44F018385241}.Debug|Any CPU.Deploy.0 = Debug|Any CPU
		{32CB3651-4EA4-4285-85C3-44F018385241}.Debug|iPhone.ActiveCfg = Debug|Any CPU
		{32CB3651-4EA4-4285-85C3-44F018385241}.Debug|iPhone.Build.0 = Debug|Any CPU
		{32CB3651-4EA4-4285-85C3-44F018385241}.Debug|iPhone.Deploy.0 = Debug|Any CPU
		{32CB3651-4EA4-4285-85C3-44F018385241}.Debug|iPhoneSimulator.ActiveCfg = Debug|Any CPU
		{32CB3651-4EA4-4285-85C3-44F018385241}.Debug|iPhoneSimulator.Build.0 = Debug|Any CPU
		{32CB3651-4EA4-4285-85C3-44F018385241}.Debug|iPhoneSimulator.Deploy.0 = Debug|Any CPU
		{32CB3651-4EA4-4285-85C3-44F018385241}.Release|Any CPU.ActiveCfg = Release|Any CPU
		{32CB3651-4EA4-4285-85C3-44F018385241}.Release|Any CPU.Build.0 = Release|Any CPU
		{32CB3651-4EA4-4285-85C3-44F018385241}.Release|Any CPU.Deploy.0 = Release|Any CPU
		{32CB3651-4EA4-4285-85C3-44F018385241}.Release|iPhone.ActiveCfg = Release|Any CPU
		{32CB3651-4EA4-4285-85C3-44F018385241}.Release|iPhone.Build.0 = Release|Any CPU
		{32CB3651-4EA4-4285-85C3-44F018385241}.Release|iPhone.Deploy.0 = Release|Any CPU
		{32CB3651-4EA4-4285-85C3-44F018385241}.Release|iPhoneSimulator.ActiveCfg = Release|Any CPU
		{32CB3651-4EA4-4285-85C3-44F018385241}.Release|iPhoneSimulator.Build.0 = Release|Any CPU
		{32CB3651-4EA4-4285-85C3-44F018385241}.Release|iPhoneSimulator.Deploy.0 = Release|Any CPU
		{B01EBFCF-E08F-43E5-B95C-E156816BAB28}.Debug|Any CPU.ActiveCfg = Debug|iPhone
		{B01EBFCF-E08F-43E5-B95C-E156816BAB28}.Debug|Any CPU.Build.0 = Debug|iPhone
		{B01EBFCF-E08F-43E5-B95C-E156816BAB28}.Debug|Any CPU.Deploy.0 = Debug|iPhone
		{B01EBFCF-E08F-43E5-B95C-E156816BAB28}.Debug|iPhone.ActiveCfg = Debug|iPhone
		{B01EBFCF-E08F-43E5-B95C-E156816BAB28}.Debug|iPhone.Build.0 = Debug|iPhone
		{B01EBFCF-E08F-43E5-B95C-E156816BAB28}.Debug|iPhone.Deploy.0 = Debug|iPhone
		{B01EBFCF-E08F-43E5-B95C-E156816BAB28}.Debug|iPhoneSimulator.ActiveCfg = Debug|iPhoneSimulator
		{B01EBFCF-E08F-43E5-B95C-E156816BAB28}.Debug|iPhoneSimulator.Build.0 = Debug|iPhoneSimulator
		{B01EBFCF-E08F-43E5-B95C-E156816BAB28}.Debug|iPhoneSimulator.Deploy.0 = Debug|iPhoneSimulator
		{B01EBFCF-E08F-43E5-B95C-E156816BAB28}.Release|Any CPU.ActiveCfg = Release|iPhone
		{B01EBFCF-E08F-43E5-B95C-E156816BAB28}.Release|Any CPU.Build.0 = Release|iPhone
		{B01EBFCF-E08F-43E5-B95C-E156816BAB28}.Release|Any CPU.Deploy.0 = Release|iPhone
		{B01EBFCF-E08F-43E5-B95C-E156816BAB28}.Release|iPhone.ActiveCfg = Release|iPhone
		{B01EBFCF-E08F-43E5-B95C-E156816BAB28}.Release|iPhone.Build.0 = Release|iPhone
		{B01EBFCF-E08F-43E5-B95C-E156816BAB28}.Release|iPhone.Deploy.0 = Release|iPhone
		{B01EBFCF-E08F-43E5-B95C-E156816BAB28}.Release|iPhoneSimulator.ActiveCfg = Release|iPhoneSimulator
		{B01EBFCF-E08F-43E5-B95C-E156816BAB28}.Release|iPhoneSimulator.Build.0 = Release|iPhoneSimulator
		{B01EBFCF-E08F-43E5-B95C-E156816BAB28}.Release|iPhoneSimulator.Deploy.0 = Release|iPhoneSimulator
		{EF23F576-A82C-4225-8075-1DD09D347B39}.Debug|Any CPU.ActiveCfg = Debug|Any CPU
		{EF23F576-A82C-4225-8075-1DD09D347B39}.Debug|Any CPU.Build.0 = Debug|Any CPU
		{EF23F576-A82C-4225-8075-1DD09D347B39}.Debug|Any CPU.Deploy.0 = Debug|Any CPU
		{EF23F576-A82C-4225-8075-1DD09D347B39}.Debug|iPhone.ActiveCfg = Debug|Any CPU
		{EF23F576-A82C-4225-8075-1DD09D347B39}.Debug|iPhone.Build.0 = Debug|Any CPU
		{EF23F576-A82C-4225-8075-1DD09D347B39}.Debug|iPhone.Deploy.0 = Debug|Any CPU
		{EF23F576-A82C-4225-8075-1DD09D347B39}.Debug|iPhoneSimulator.ActiveCfg = Debug|Any CPU
		{EF23F576-A82C-4225-8075-1DD09D347B39}.Debug|iPhoneSimulator.Build.0 = Debug|Any CPU
		{EF23F576-A82C-4225-8075-1DD09D347B39}.Debug|iPhoneSimulator.Deploy.0 = Debug|Any CPU
		{EF23F576-A82C-4225-8075-1DD09D347B39}.Release|Any CPU.ActiveCfg = Release|Any CPU
		{EF23F576-A82C-4225-8075-1DD09D347B39}.Release|Any CPU.Build.0 = Release|Any CPU
		{EF23F576-A82C-4225-8075-1DD09D347B39}.Release|Any CPU.Deploy.0 = Release|Any CPU
		{EF23F576-A82C-4225-8075-1DD09D347B39}.Release|iPhone.ActiveCfg = Release|Any CPU
		{EF23F576-A82C-4225-8075-1DD09D347B39}.Release|iPhone.Build.0 = Release|Any CPU
		{EF23F576-A82C-4225-8075-1DD09D347B39}.Release|iPhone.Deploy.0 = Release|Any CPU
		{EF23F576-A82C-4225-8075-1DD09D347B39}.Release|iPhoneSimulator.ActiveCfg = Release|Any CPU
		{EF23F576-A82C-4225-8075-1DD09D347B39}.Release|iPhoneSimulator.Build.0 = Release|Any CPU
		{EF23F576-A82C-4225-8075-1DD09D347B39}.Release|iPhoneSimulator.Deploy.0 = Release|Any CPU
	EndGlobalSection
	GlobalSection(SolutionProperties) = preSolution
		HideSolutionNode = FALSE
	EndGlobalSection
	GlobalSection(ExtensibilityGlobals) = postSolution
		SolutionGuid = {A517D54F-EBEC-43CC-82F4-5607EEF5E78F}
	EndGlobalSection
EndGlobal
